
Microsoft Visual Studio Solution File, Format Version 12.00
# Visual Studio Version 16
VisualStudioVersion = 16.0.31005.135
MinimumVisualStudioVersion = 10.0.40219.1
Project("{FAE04EC0-301F-11D3-BF4B-00C04F79EFBC}") = "Capgemini.CSharp.Day4", "Capgemini.CSharp.Day4\Capgemini.CSharp.Day4.csproj", "{C15F04C6-693E-4E62-9E88-6D4233B79423}"
EndProject
Global
	GlobalSection(SolutionConfigurationPlatforms) = preSolution
		Debug|Any CPU = Debug|Any CPU
		Release|Any CPU = Release|Any CPU
	EndGlobalSection
	GlobalSection(ProjectConfigurationPlatforms) = postSolution
		{C15F04C6-693E-4E62-9E88-6D4233B79423}.Debug|Any CPU.ActiveCfg = Debug|Any CPU
		{C15F04C6-693E-4E62-9E88-6D4233B79423}.Debug|Any CPU.Build.0 = Debug|Any CPU
		{C15F04C6-693E-4E62-9E88-6D4233B79423}.Release|Any CPU.ActiveCfg = Release|Any CPU
		{C15F04C6-693E-4E62-9E88-6D4233B79423}.Release|Any CPU.Build.0 = Release|Any CPU
	EndGlobalSection
	GlobalSection(SolutionProperties) = preSolution
		HideSolutionNode = FALSE
	EndGlobalSection
	GlobalSection(ExtensibilityGlobals) = postSolution
		SolutionGuid = {E7A7634D-1838-498D-8A62-3042D6536BF2}
	EndGlobalSection
EndGlobal
